
Microsoft Visual Studio Solution File, Format Version 12.00
# Visual Studio Version 17
VisualStudioVersion = 17.7.34221.43
MinimumVisualStudioVersion = 10.0.40219.1
Project("{9A19103F-16F7-4668-BE54-9A1E7A4F7556}") = "MANS.55DR.HotelManagement.WebApi", "MANS.55DR.HotelManagement.WebApi\MANS.55DR.HotelManagement.WebApi.csproj", "{7FFCABFC-D024-4A5F-B9EF-252BB52E7F24}"
EndProject
Global
	GlobalSection(SolutionConfigurationPlatforms) = preSolution
		Debug|Any CPU = Debug|Any CPU
		Release|Any CPU = Release|Any CPU
	EndGlobalSection
	GlobalSection(ProjectConfigurationPlatforms) = postSolution
		{7FFCABFC-D024-4A5F-B9EF-252BB52E7F24}.Debug|Any CPU.ActiveCfg = Debug|Any CPU
		{7FFCABFC-D024-4A5F-B9EF-252BB52E7F24}.Debug|Any CPU.Build.0 = Debug|Any CPU
		{7FFCABFC-D024-4A5F-B9EF-252BB52E7F24}.Release|Any CPU.ActiveCfg = Release|Any CPU
		{7FFCABFC-D024-4A5F-B9EF-252BB52E7F24}.Release|Any CPU.Build.0 = Release|Any CPU
	EndGlobalSection
	GlobalSection(SolutionProperties) = preSolution
		HideSolutionNode = FALSE
	EndGlobalSection
	GlobalSection(ExtensibilityGlobals) = postSolution
		SolutionGuid = {D1C1975C-1205-4E30-A928-B19C80F4992D}
	EndGlobalSection
EndGlobal
